// !$*UTF8*$!
{
	archiveVersion = 1;
	classes = {
	};
	objectVersion = 46;
	objects = {

/* Begin PBXBuildFile section */
		0C6E1ACD15B081C300A3BA7D /* UIKit.framework in Frameworks */ = {isa = PBXBuildFile; fileRef = 0C6E1ACC15B081C300A3BA7D /* UIKit.framework */; };
		0C6E1ACF15B081C300A3BA7D /* Foundation.framework in Frameworks */ = {isa = PBXBuildFile; fileRef = 0C6E1ACE15B081C300A3BA7D /* Foundation.framework */; };
		0C6E1AD115B081C300A3BA7D /* CoreGraphics.framework in Frameworks */ = {isa = PBXBuildFile; fileRef = 0C6E1AD015B081C300A3BA7D /* CoreGraphics.framework */; };
		0C6E1AD715B081C300A3BA7D /* InfoPlist.strings in Resources */ = {isa = PBXBuildFile; fileRef = 0C6E1AD515B081C300A3BA7D /* InfoPlist.strings */; };
		0C6E1AD915B081C300A3BA7D /* main.m in Sources */ = {isa = PBXBuildFile; fileRef = 0C6E1AD815B081C300A3BA7D /* main.m */; };
		0C6E1ADD15B081C300A3BA7D /* LHAppDelegate.m in Sources */ = {isa = PBXBuildFile; fileRef = 0C6E1ADC15B081C300A3BA7D /* LHAppDelegate.m */; };
		0C6E1AE015B081C300A3BA7D /* MainStoryboard_iPhone.storyboard in Resources */ = {isa = PBXBuildFile; fileRef = 0C6E1ADE15B081C300A3BA7D /* MainStoryboard_iPhone.storyboard */; };
		0C6E1AE315B081C300A3BA7D /* MainStoryboard_iPad.storyboard in Resources */ = {isa = PBXBuildFile; fileRef = 0C6E1AE115B081C300A3BA7D /* MainStoryboard_iPad.storyboard */; };
		0C6E1AE615B081C300A3BA7D /* LHViewController.m in Sources */ = {isa = PBXBuildFile; fileRef = 0C6E1AE515B081C300A3BA7D /* LHViewController.m */; };
/* End PBXBuildFile section */

/* Begin PBXFileReference section */
		0C6E1AC815B081C300A3BA7D /* Limes Against Humanity.app */ = {isa = PBXFileReference; explicitFileType = wrapper.application; includeInIndex = 0; path = "Limes Against Humanity.app"; sourceTree = BUILT_PRODUCTS_DIR; };
		0C6E1ACC15B081C300A3BA7D /* UIKit.framework */ = {isa = PBXFileReference; lastKnownFileType = wrapper.framework; name = UIKit.framework; path = System/Library/Frameworks/UIKit.framework; sourceTree = SDKROOT; };
		0C6E1ACE15B081C300A3BA7D /* Foundation.framework */ = {isa = PBXFileReference; lastKnownFileType = wrapper.framework; name = Foundation.framework; path = System/Library/Frameworks/Foundation.framework; sourceTree = SDKROOT; };
		0C6E1AD015B081C300A3BA7D /* CoreGraphics.framework */ = {isa = PBXFileReference; lastKnownFileType = wrapper.framework; name = CoreGraphics.framework; path = System/Library/Frameworks/CoreGraphics.framework; sourceTree = SDKROOT; };
		0C6E1AD415B081C300A3BA7D /* Limes Against Humanity-Info.plist */ = {isa = PBXFileReference; lastKnownFileType = text.plist.xml; path = "Limes Against Humanity-Info.plist"; sourceTree = "<group>"; };
		0C6E1AD615B081C300A3BA7D /* en */ = {isa = PBXFileReference; lastKnownFileType = text.plist.strings; name = en; path = en.lproj/InfoPlist.strings; sourceTree = "<group>"; };
		0C6E1AD815B081C300A3BA7D /* main.m */ = {isa = PBXFileReference; lastKnownFileType = sourcecode.c.objc; path = main.m; sourceTree = "<group>"; };
		0C6E1ADA15B081C300A3BA7D /* Limes Against Humanity-Prefix.pch */ = {isa = PBXFileReference; lastKnownFileType = sourcecode.c.h; path = "Limes Against Humanity-Prefix.pch"; sourceTree = "<group>"; };
		0C6E1ADB15B081C300A3BA7D /* LHAppDelegate.h */ = {isa = PBXFileReference; lastKnownFileType = sourcecode.c.h; path = LHAppDelegate.h; sourceTree = "<group>"; };
		0C6E1ADC15B081C300A3BA7D /* LHAppDelegate.m */ = {isa = PBXFileReference; lastKnownFileType = sourcecode.c.objc; path = LHAppDelegate.m; sourceTree = "<group>"; };
		0C6E1ADF15B081C300A3BA7D /* en */ = {isa = PBXFileReference; lastKnownFileType = file.storyboard; name = en; path = en.lproj/MainStoryboard_iPhone.storyboard; sourceTree = "<group>"; };
		0C6E1AE215B081C300A3BA7D /* en */ = {isa = PBXFileReference; lastKnownFileType = file.storyboard; name = en; path = en.lproj/MainStoryboard_iPad.storyboard; sourceTree = "<group>"; };
		0C6E1AE415B081C300A3BA7D /* LHViewController.h */ = {isa = PBXFileReference; lastKnownFileType = sourcecode.c.h; path = LHViewController.h; sourceTree = "<group>"; };
		0C6E1AE515B081C300A3BA7D /* LHViewController.m */ = {isa = PBXFileReference; lastKnownFileType = sourcecode.c.objc; path = LHViewController.m; sourceTree = "<group>"; };
/* End PBXFileReference section */

/* Begin PBXFrameworksBuildPhase section */
		0C6E1AC515B081C300A3BA7D /* Frameworks */ = {
			isa = PBXFrameworksBuildPhase;
			buildActionMask = 2147483647;
			files = (
				0C6E1ACD15B081C300A3BA7D /* UIKit.framework in Frameworks */,
				0C6E1ACF15B081C300A3BA7D /* Foundation.framework in Frameworks */,
				0C6E1AD115B081C300A3BA7D /* CoreGraphics.framework in Frameworks */,
			);
			runOnlyForDeploymentPostprocessing = 0;
		};
/* End PBXFrameworksBuildPhase section */

/* Begin PBXGroup section */
		0C6E1ABD15B081C300A3BA7D = {
			isa = PBXGroup;
			children = (
				0C6E1AD215B081C300A3BA7D /* Limes Against Humanity */,
				0C6E1ACB15B081C300A3BA7D /* Frameworks */,
				0C6E1AC915B081C300A3BA7D /* Products */,
			);
			sourceTree = "<group>";
		};
		0C6E1AC915B081C300A3BA7D /* Products */ = {
			isa = PBXGroup;
			children = (
				0C6E1AC815B081C300A3BA7D /* Limes Against Humanity.app */,
			);
			name = Products;
			sourceTree = "<group>";
		};
		0C6E1ACB15B081C300A3BA7D /* Frameworks */ = {
			isa = PBXGroup;
			children = (
				0C6E1ACC15B081C300A3BA7D /* UIKit.framework */,
				0C6E1ACE15B081C300A3BA7D /* Foundation.framework */,
				0C6E1AD015B081C300A3BA7D /* CoreGraphics.framework */,
			);
			name = Frameworks;
			sourceTree = "<group>";
		};
		0C6E1AD215B081C300A3BA7D /* Limes Against Humanity */ = {
			isa = PBXGroup;
			children = (
				0C6E1ADB15B081C300A3BA7D /* LHAppDelegate.h */,
				0C6E1ADC15B081C300A3BA7D /* LHAppDelegate.m */,
				0C6E1ADE15B081C300A3BA7D /* MainStoryboard_iPhone.storyboard */,
				0C6E1AE115B081C300A3BA7D /* MainStoryboard_iPad.storyboard */,
				0C6E1AE415B081C300A3BA7D /* LHViewController.h */,
				0C6E1AE515B081C300A3BA7D /* LHViewController.m */,
				0C6E1AD315B081C300A3BA7D /* Supporting Files */,
			);
			path = "Limes Against Humanity";
			sourceTree = "<group>";
		};
		0C6E1AD315B081C300A3BA7D /* Supporting Files */ = {
			isa = PBXGroup;
			children = (
				0C6E1AD415B081C300A3BA7D /* Limes Against Humanity-Info.plist */,
				0C6E1AD515B081C300A3BA7D /* InfoPlist.strings */,
				0C6E1AD815B081C300A3BA7D /* main.m */,
				0C6E1ADA15B081C300A3BA7D /* Limes Against Humanity-Prefix.pch */,
			);
			name = "Supporting Files";
			sourceTree = "<group>";
		};
/* End PBXGroup section */

/* Begin PBXNativeTarget section */
		0C6E1AC715B081C300A3BA7D /* Limes Against Humanity */ = {
			isa = PBXNativeTarget;
			buildConfigurationList = 0C6E1AE915B081C300A3BA7D /* Build configuration list for PBXNativeTarget "Limes Against Humanity" */;
			buildPhases = (
				0C6E1AC415B081C300A3BA7D /* Sources */,
				0C6E1AC515B081C300A3BA7D /* Frameworks */,
				0C6E1AC615B081C300A3BA7D /* Resources */,
			);
			buildRules = (
			);
			dependencies = (
			);
			name = "Limes Against Humanity";
			productName = "Limes Against Humanity";
			productReference = 0C6E1AC815B081C300A3BA7D /* Limes Against Humanity.app */;
			productType = "com.apple.product-type.application";
		};
/* End PBXNativeTarget section */

/* Begin PBXProject section */
		0C6E1ABF15B081C300A3BA7D /* Project object */ = {
			isa = PBXProject;
			attributes = {
				CLASSPREFIX = LH;
				LastUpgradeCheck = 0430;
				ORGANIZATIONNAME = Masonsoft;
			};
			buildConfigurationList = 0C6E1AC215B081C300A3BA7D /* Build configuration list for PBXProject "Limes Against Humanity" */;
			compatibilityVersion = "Xcode 3.2";
			developmentRegion = English;
			hasScannedForEncodings = 0;
			knownRegions = (
				en,
			);
			mainGroup = 0C6E1ABD15B081C300A3BA7D;
			productRefGroup = 0C6E1AC915B081C300A3BA7D /* Products */;
			projectDirPath = "";
			projectRoot = "";
			targets = (
				0C6E1AC715B081C300A3BA7D /* Limes Against Humanity */,
			);
		};
/* End PBXProject section */

/* Begin PBXResourcesBuildPhase section */
		0C6E1AC615B081C300A3BA7D /* Resources */ = {
			isa = PBXResourcesBuildPhase;
			buildActionMask = 2147483647;
			files = (
				0C6E1AD715B081C300A3BA7D /* InfoPlist.strings in Resources */,
				0C6E1AE015B081C300A3BA7D /* MainStoryboard_iPhone.storyboard in Resources */,
				0C6E1AE315B081C300A3BA7D /* MainStoryboard_iPad.storyboard in Resources */,
			);
			runOnlyForDeploymentPostprocessing = 0;
		};
/* End PBXResourcesBuildPhase section */

/* Begin PBXSourcesBuildPhase section */
		0C6E1AC415B081C300A3BA7D /* Sources */ = {
			isa = PBXSourcesBuildPhase;
			buildActionMask = 2147483647;
			files = (
				0C6E1AD915B081C300A3BA7D /* main.m in Sources */,
				0C6E1ADD15B081C300A3BA7D /* LHAppDelegate.m in Sources */,
				0C6E1AE615B081C300A3BA7D /* LHViewController.m in Sources */,
			);
			runOnlyForDeploymentPostprocessing = 0;
		};
/* End PBXSourcesBuildPhase section */

/* Begin PBXVariantGroup section */
		0C6E1AD515B081C300A3BA7D /* InfoPlist.strings */ = {
			isa = PBXVariantGroup;
			children = (
				0C6E1AD615B081C300A3BA7D /* en */,
			);
			name = InfoPlist.strings;
			sourceTree = "<group>";
		};
		0C6E1ADE15B081C300A3BA7D /* MainStoryboard_iPhone.storyboard */ = {
			isa = PBXVariantGroup;
			children = (
				0C6E1ADF15B081C300A3BA7D /* en */,
			);
			name = MainStoryboard_iPhone.storyboard;
			sourceTree = "<group>";
		};
		0C6E1AE115B081C300A3BA7D /* MainStoryboard_iPad.storyboard */ = {
			isa = PBXVariantGroup;
			children = (
				0C6E1AE215B081C300A3BA7D /* en */,
			);
			name = MainStoryboard_iPad.storyboard;
			sourceTree = "<group>";
		};
/* End PBXVariantGroup section */

/* Begin XCBuildConfiguration section */
		0C6E1AE715B081C300A3BA7D /* Debug */ = {
			isa = XCBuildConfiguration;
			buildSettings = {
				ALWAYS_SEARCH_USER_PATHS = NO;
				ARCHS = "$(ARCHS_STANDARD_32_BIT)";
				CLANG_ENABLE_OBJC_ARC = YES;
				"CODE_SIGN_IDENTITY[sdk=iphoneos*]" = "iPhone Developer";
				COPY_PHASE_STRIP = NO;
				GCC_C_LANGUAGE_STANDARD = gnu99;
				GCC_DYNAMIC_NO_PIC = NO;
				GCC_OPTIMIZATION_LEVEL = 0;
				GCC_PREPROCESSOR_DEFINITIONS = (
					"DEBUG=1",
					"$(inherited)",
				);
				GCC_SYMBOLS_PRIVATE_EXTERN = NO;
				GCC_VERSION = com.apple.compilers.llvm.clang.1_0;
				GCC_WARN_ABOUT_RETURN_TYPE = YES;
				GCC_WARN_UNINITIALIZED_AUTOS = YES;
				GCC_WARN_UNUSED_VARIABLE = YES;
				IPHONEOS_DEPLOYMENT_TARGET = 5.1;
				SDKROOT = iphoneos;
				TARGETED_DEVICE_FAMILY = "1,2";
			};
			name = Debug;
		};
		0C6E1AE815B081C300A3BA7D /* Release */ = {
			isa = XCBuildConfiguration;
			buildSettings = {
				ALWAYS_SEARCH_USER_PATHS = NO;
				ARCHS = "$(ARCHS_STANDARD_32_BIT)";
				CLANG_ENABLE_OBJC_ARC = YES;
				"CODE_SIGN_IDENTITY[sdk=iphoneos*]" = "iPhone Developer";
				COPY_PHASE_STRIP = YES;
				GCC_C_LANGUAGE_STANDARD = gnu99;
				GCC_VERSION = com.apple.compilers.llvm.clang.1_0;
				GCC_WARN_ABOUT_RETURN_TYPE = YES;
				GCC_WARN_UNINITIALIZED_AUTOS = YES;
				GCC_WARN_UNUSED_VARIABLE = YES;
				IPHONEOS_DEPLOYMENT_TARGET = 5.1;
				OTHER_CFLAGS = "-DNS_BLOCK_ASSERTIONS=1";
				SDKROOT = iphoneos;
				TARGETED_DEVICE_FAMILY = "1,2";
				VALIDATE_PRODUCT = YES;
			};
			name = Release;
		};
		0C6E1AEA15B081C300A3BA7D /* Debug */ = {
			isa = XCBuildConfiguration;
			buildSettings = {
				GCC_PRECOMPILE_PREFIX_HEADER = YES;
				GCC_PREFIX_HEADER = "Limes Against Humanity/Limes Against Humanity-Prefix.pch";
				INFOPLIST_FILE = "Limes Against Humanity/Limes Against Humanity-Info.plist";
				IPHONEOS_DEPLOYMENT_TARGET = 5.0;
				PRODUCT_NAME = "$(TARGET_NAME)";
				WRAPPER_EXTENSION = app;
			};
			name = Debug;
		};
		0C6E1AEB15B081C300A3BA7D /* Release */ = {
			isa = XCBuildConfiguration;
			buildSettings = {
				GCC_PRECOMPILE_PREFIX_HEADER = YES;
				GCC_PREFIX_HEADER = "Limes Against Humanity/Limes Against Humanity-Prefix.pch";
				INFOPLIST_FILE = "Limes Against Humanity/Limes Against Humanity-Info.plist";
				IPHONEOS_DEPLOYMENT_TARGET = 5.0;
				PRODUCT_NAME = "$(TARGET_NAME)";
				WRAPPER_EXTENSION = app;
			};
			name = Release;
		};
/* End XCBuildConfiguration section */

/* Begin XCConfigurationList section */
		0C6E1AC215B081C300A3BA7D /* Build configuration list for PBXProject "Limes Against Humanity" */ = {
			isa = XCConfigurationList;
			buildConfigurations = (
				0C6E1AE715B081C300A3BA7D /* Debug */,
				0C6E1AE815B081C300A3BA7D /* Release */,
			);
			defaultConfigurationIsVisible = 0;
			defaultConfigurationName = Release;
		};
		0C6E1AE915B081C300A3BA7D /* Build configuration list for PBXNativeTarget "Limes Against Humanity" */ = {
			isa = XCConfigurationList;
			buildConfigurations = (
				0C6E1AEA15B081C300A3BA7D /* Debug */,
				0C6E1AEB15B081C300A3BA7D /* Release */,
			);
			defaultConfigurationIsVisible = 0;
		};
/* End XCConfigurationList section */
	};
	rootObject = 0C6E1ABF15B081C300A3BA7D /* Project object */;
}
