// !$*UTF8*$!
{
	archiveVersion = 1;
	classes = {
	};
	objectVersion = 46;
	objects = {

/* Begin PBXBuildFile section */
		0CC7D95B155C537700AADF41 /* UIKit.framework in Frameworks */ = {isa = PBXBuildFile; fileRef = 0CC7D95A155C537700AADF41 /* UIKit.framework */; };
		0CC7D95D155C537700AADF41 /* Foundation.framework in Frameworks */ = {isa = PBXBuildFile; fileRef = 0CC7D95C155C537700AADF41 /* Foundation.framework */; };
		0CC7D95F155C537700AADF41 /* CoreGraphics.framework in Frameworks */ = {isa = PBXBuildFile; fileRef = 0CC7D95E155C537700AADF41 /* CoreGraphics.framework */; };
		0CC7D965155C537700AADF41 /* InfoPlist.strings in Resources */ = {isa = PBXBuildFile; fileRef = 0CC7D963155C537700AADF41 /* InfoPlist.strings */; };
		0CC7D967155C537700AADF41 /* main.m in Sources */ = {isa = PBXBuildFile; fileRef = 0CC7D966155C537700AADF41 /* main.m */; };
		0CC7D96B155C537700AADF41 /* MZAppDelegate.m in Sources */ = {isa = PBXBuildFile; fileRef = 0CC7D96A155C537700AADF41 /* MZAppDelegate.m */; };
		0CC7D96E155C537700AADF41 /* MainStoryboard.storyboard in Resources */ = {isa = PBXBuildFile; fileRef = 0CC7D96C155C537700AADF41 /* MainStoryboard.storyboard */; };
		0CC7D971155C537700AADF41 /* MZViewController.m in Sources */ = {isa = PBXBuildFile; fileRef = 0CC7D970155C537700AADF41 /* MZViewController.m */; };
		0CC7D978155C54BD00AADF41 /* intro.png in Resources */ = {isa = PBXBuildFile; fileRef = 0CC7D977155C54BD00AADF41 /* intro.png */; };
		0CC7D97A155C54E800AADF41 /* IMG_0222.JPG in Resources */ = {isa = PBXBuildFile; fileRef = 0CC7D979155C54E800AADF41 /* IMG_0222.JPG */; };
/* End PBXBuildFile section */

/* Begin PBXFileReference section */
		0CC7D956155C537700AADF41 /* Remindfulness.app */ = {isa = PBXFileReference; explicitFileType = wrapper.application; includeInIndex = 0; path = Remindfulness.app; sourceTree = BUILT_PRODUCTS_DIR; };
		0CC7D95A155C537700AADF41 /* UIKit.framework */ = {isa = PBXFileReference; lastKnownFileType = wrapper.framework; name = UIKit.framework; path = System/Library/Frameworks/UIKit.framework; sourceTree = SDKROOT; };
		0CC7D95C155C537700AADF41 /* Foundation.framework */ = {isa = PBXFileReference; lastKnownFileType = wrapper.framework; name = Foundation.framework; path = System/Library/Frameworks/Foundation.framework; sourceTree = SDKROOT; };
		0CC7D95E155C537700AADF41 /* CoreGraphics.framework */ = {isa = PBXFileReference; lastKnownFileType = wrapper.framework; name = CoreGraphics.framework; path = System/Library/Frameworks/CoreGraphics.framework; sourceTree = SDKROOT; };
		0CC7D962155C537700AADF41 /* Remindfulness-Info.plist */ = {isa = PBXFileReference; lastKnownFileType = text.plist.xml; path = "Remindfulness-Info.plist"; sourceTree = "<group>"; };
		0CC7D964155C537700AADF41 /* en */ = {isa = PBXFileReference; lastKnownFileType = text.plist.strings; name = en; path = en.lproj/InfoPlist.strings; sourceTree = "<group>"; };
		0CC7D966155C537700AADF41 /* main.m */ = {isa = PBXFileReference; lastKnownFileType = sourcecode.c.objc; path = main.m; sourceTree = "<group>"; };
		0CC7D968155C537700AADF41 /* Remindfulness-Prefix.pch */ = {isa = PBXFileReference; lastKnownFileType = sourcecode.c.h; path = "Remindfulness-Prefix.pch"; sourceTree = "<group>"; };
		0CC7D969155C537700AADF41 /* MZAppDelegate.h */ = {isa = PBXFileReference; lastKnownFileType = sourcecode.c.h; path = MZAppDelegate.h; sourceTree = "<group>"; };
		0CC7D96A155C537700AADF41 /* MZAppDelegate.m */ = {isa = PBXFileReference; lastKnownFileType = sourcecode.c.objc; path = MZAppDelegate.m; sourceTree = "<group>"; };
		0CC7D96D155C537700AADF41 /* en */ = {isa = PBXFileReference; lastKnownFileType = file.storyboard; name = en; path = en.lproj/MainStoryboard.storyboard; sourceTree = "<group>"; };
		0CC7D96F155C537700AADF41 /* MZViewController.h */ = {isa = PBXFileReference; lastKnownFileType = sourcecode.c.h; path = MZViewController.h; sourceTree = "<group>"; };
		0CC7D970155C537700AADF41 /* MZViewController.m */ = {isa = PBXFileReference; lastKnownFileType = sourcecode.c.objc; path = MZViewController.m; sourceTree = "<group>"; };
		0CC7D977155C54BD00AADF41 /* intro.png */ = {isa = PBXFileReference; lastKnownFileType = image.png; path = intro.png; sourceTree = "<group>"; };
		0CC7D979155C54E800AADF41 /* IMG_0222.JPG */ = {isa = PBXFileReference; lastKnownFileType = image.jpeg; path = IMG_0222.JPG; sourceTree = "<group>"; };
/* End PBXFileReference section */

/* Begin PBXFrameworksBuildPhase section */
		0CC7D953155C537700AADF41 /* Frameworks */ = {
			isa = PBXFrameworksBuildPhase;
			buildActionMask = 2147483647;
			files = (
				0CC7D95B155C537700AADF41 /* UIKit.framework in Frameworks */,
				0CC7D95D155C537700AADF41 /* Foundation.framework in Frameworks */,
				0CC7D95F155C537700AADF41 /* CoreGraphics.framework in Frameworks */,
			);
			runOnlyForDeploymentPostprocessing = 0;
		};
/* End PBXFrameworksBuildPhase section */

/* Begin PBXGroup section */
		0CC7D94B155C537700AADF41 = {
			isa = PBXGroup;
			children = (
				0CC7D960155C537700AADF41 /* Remindfulness */,
				0CC7D959155C537700AADF41 /* Frameworks */,
				0CC7D957155C537700AADF41 /* Products */,
			);
			sourceTree = "<group>";
		};
		0CC7D957155C537700AADF41 /* Products */ = {
			isa = PBXGroup;
			children = (
				0CC7D956155C537700AADF41 /* Remindfulness.app */,
			);
			name = Products;
			sourceTree = "<group>";
		};
		0CC7D959155C537700AADF41 /* Frameworks */ = {
			isa = PBXGroup;
			children = (
				0CC7D95A155C537700AADF41 /* UIKit.framework */,
				0CC7D95C155C537700AADF41 /* Foundation.framework */,
				0CC7D95E155C537700AADF41 /* CoreGraphics.framework */,
			);
			name = Frameworks;
			sourceTree = "<group>";
		};
		0CC7D960155C537700AADF41 /* Remindfulness */ = {
			isa = PBXGroup;
			children = (
				0CC7D979155C54E800AADF41 /* IMG_0222.JPG */,
				0CC7D969155C537700AADF41 /* MZAppDelegate.h */,
				0CC7D977155C54BD00AADF41 /* intro.png */,
				0CC7D96A155C537700AADF41 /* MZAppDelegate.m */,
				0CC7D96C155C537700AADF41 /* MainStoryboard.storyboard */,
				0CC7D96F155C537700AADF41 /* MZViewController.h */,
				0CC7D970155C537700AADF41 /* MZViewController.m */,
				0CC7D961155C537700AADF41 /* Supporting Files */,
			);
			path = Remindfulness;
			sourceTree = "<group>";
		};
		0CC7D961155C537700AADF41 /* Supporting Files */ = {
			isa = PBXGroup;
			children = (
				0CC7D962155C537700AADF41 /* Remindfulness-Info.plist */,
				0CC7D963155C537700AADF41 /* InfoPlist.strings */,
				0CC7D966155C537700AADF41 /* main.m */,
				0CC7D968155C537700AADF41 /* Remindfulness-Prefix.pch */,
			);
			name = "Supporting Files";
			sourceTree = "<group>";
		};
/* End PBXGroup section */

/* Begin PBXNativeTarget section */
		0CC7D955155C537700AADF41 /* Remindfulness */ = {
			isa = PBXNativeTarget;
			buildConfigurationList = 0CC7D974155C537700AADF41 /* Build configuration list for PBXNativeTarget "Remindfulness" */;
			buildPhases = (
				0CC7D952155C537700AADF41 /* Sources */,
				0CC7D953155C537700AADF41 /* Frameworks */,
				0CC7D954155C537700AADF41 /* Resources */,
			);
			buildRules = (
			);
			dependencies = (
			);
			name = Remindfulness;
			productName = Remindfulness;
			productReference = 0CC7D956155C537700AADF41 /* Remindfulness.app */;
			productType = "com.apple.product-type.application";
		};
/* End PBXNativeTarget section */

/* Begin PBXProject section */
		0CC7D94D155C537700AADF41 /* Project object */ = {
			isa = PBXProject;
			attributes = {
				CLASSPREFIX = MZ;
				LastUpgradeCheck = 0430;
				ORGANIZATIONNAME = Masonsoft;
			};
			buildConfigurationList = 0CC7D950155C537700AADF41 /* Build configuration list for PBXProject "Remindfulness" */;
			compatibilityVersion = "Xcode 3.2";
			developmentRegion = English;
			hasScannedForEncodings = 0;
			knownRegions = (
				en,
			);
			mainGroup = 0CC7D94B155C537700AADF41;
			productRefGroup = 0CC7D957155C537700AADF41 /* Products */;
			projectDirPath = "";
			projectRoot = "";
			targets = (
				0CC7D955155C537700AADF41 /* Remindfulness */,
			);
		};
/* End PBXProject section */

/* Begin PBXResourcesBuildPhase section */
		0CC7D954155C537700AADF41 /* Resources */ = {
			isa = PBXResourcesBuildPhase;
			buildActionMask = 2147483647;
			files = (
				0CC7D965155C537700AADF41 /* InfoPlist.strings in Resources */,
				0CC7D96E155C537700AADF41 /* MainStoryboard.storyboard in Resources */,
				0CC7D978155C54BD00AADF41 /* intro.png in Resources */,
				0CC7D97A155C54E800AADF41 /* IMG_0222.JPG in Resources */,
			);
			runOnlyForDeploymentPostprocessing = 0;
		};
/* End PBXResourcesBuildPhase section */

/* Begin PBXSourcesBuildPhase section */
		0CC7D952155C537700AADF41 /* Sources */ = {
			isa = PBXSourcesBuildPhase;
			buildActionMask = 2147483647;
			files = (
				0CC7D967155C537700AADF41 /* main.m in Sources */,
				0CC7D96B155C537700AADF41 /* MZAppDelegate.m in Sources */,
				0CC7D971155C537700AADF41 /* MZViewController.m in Sources */,
			);
			runOnlyForDeploymentPostprocessing = 0;
		};
/* End PBXSourcesBuildPhase section */

/* Begin PBXVariantGroup section */
		0CC7D963155C537700AADF41 /* InfoPlist.strings */ = {
			isa = PBXVariantGroup;
			children = (
				0CC7D964155C537700AADF41 /* en */,
			);
			name = InfoPlist.strings;
			sourceTree = "<group>";
		};
		0CC7D96C155C537700AADF41 /* MainStoryboard.storyboard */ = {
			isa = PBXVariantGroup;
			children = (
				0CC7D96D155C537700AADF41 /* en */,
			);
			name = MainStoryboard.storyboard;
			sourceTree = "<group>";
		};
/* End PBXVariantGroup section */

/* Begin XCBuildConfiguration section */
		0CC7D972155C537700AADF41 /* Debug */ = {
			isa = XCBuildConfiguration;
			buildSettings = {
				ALWAYS_SEARCH_USER_PATHS = NO;
				ARCHS = "$(ARCHS_STANDARD_32_BIT)";
				CLANG_ENABLE_OBJC_ARC = YES;
				"CODE_SIGN_IDENTITY[sdk=iphoneos*]" = "iPhone Developer";
				COPY_PHASE_STRIP = NO;
				GCC_C_LANGUAGE_STANDARD = gnu99;
				GCC_DYNAMIC_NO_PIC = NO;
				GCC_OPTIMIZATION_LEVEL = 0;
				GCC_PREPROCESSOR_DEFINITIONS = (
					"DEBUG=1",
					"$(inherited)",
				);
				GCC_SYMBOLS_PRIVATE_EXTERN = NO;
				GCC_VERSION = com.apple.compilers.llvm.clang.1_0;
				GCC_WARN_ABOUT_RETURN_TYPE = YES;
				GCC_WARN_UNINITIALIZED_AUTOS = YES;
				GCC_WARN_UNUSED_VARIABLE = YES;
				IPHONEOS_DEPLOYMENT_TARGET = 5.1;
				SDKROOT = iphoneos;
			};
			name = Debug;
		};
		0CC7D973155C537700AADF41 /* Release */ = {
			isa = XCBuildConfiguration;
			buildSettings = {
				ALWAYS_SEARCH_USER_PATHS = NO;
				ARCHS = "$(ARCHS_STANDARD_32_BIT)";
				CLANG_ENABLE_OBJC_ARC = YES;
				"CODE_SIGN_IDENTITY[sdk=iphoneos*]" = "iPhone Developer";
				COPY_PHASE_STRIP = YES;
				GCC_C_LANGUAGE_STANDARD = gnu99;
				GCC_VERSION = com.apple.compilers.llvm.clang.1_0;
				GCC_WARN_ABOUT_RETURN_TYPE = YES;
				GCC_WARN_UNINITIALIZED_AUTOS = YES;
				GCC_WARN_UNUSED_VARIABLE = YES;
				IPHONEOS_DEPLOYMENT_TARGET = 5.1;
				OTHER_CFLAGS = "-DNS_BLOCK_ASSERTIONS=1";
				SDKROOT = iphoneos;
				VALIDATE_PRODUCT = YES;
			};
			name = Release;
		};
		0CC7D975155C537700AADF41 /* Debug */ = {
			isa = XCBuildConfiguration;
			buildSettings = {
				GCC_PRECOMPILE_PREFIX_HEADER = YES;
				GCC_PREFIX_HEADER = "Remindfulness/Remindfulness-Prefix.pch";
				INFOPLIST_FILE = "Remindfulness/Remindfulness-Info.plist";
				PRODUCT_NAME = "$(TARGET_NAME)";
				WRAPPER_EXTENSION = app;
			};
			name = Debug;
		};
		0CC7D976155C537700AADF41 /* Release */ = {
			isa = XCBuildConfiguration;
			buildSettings = {
				GCC_PRECOMPILE_PREFIX_HEADER = YES;
				GCC_PREFIX_HEADER = "Remindfulness/Remindfulness-Prefix.pch";
				INFOPLIST_FILE = "Remindfulness/Remindfulness-Info.plist";
				PRODUCT_NAME = "$(TARGET_NAME)";
				WRAPPER_EXTENSION = app;
			};
			name = Release;
		};
/* End XCBuildConfiguration section */

/* Begin XCConfigurationList section */
		0CC7D950155C537700AADF41 /* Build configuration list for PBXProject "Remindfulness" */ = {
			isa = XCConfigurationList;
			buildConfigurations = (
				0CC7D972155C537700AADF41 /* Debug */,
				0CC7D973155C537700AADF41 /* Release */,
			);
			defaultConfigurationIsVisible = 0;
			defaultConfigurationName = Release;
		};
		0CC7D974155C537700AADF41 /* Build configuration list for PBXNativeTarget "Remindfulness" */ = {
			isa = XCConfigurationList;
			buildConfigurations = (
				0CC7D975155C537700AADF41 /* Debug */,
				0CC7D976155C537700AADF41 /* Release */,
			);
			defaultConfigurationIsVisible = 0;
		};
/* End XCConfigurationList section */
	};
	rootObject = 0CC7D94D155C537700AADF41 /* Project object */;
}
